
Microsoft Visual Studio Solution File, Format Version 12.00
# Visual Studio Version 16
VisualStudioVersion = 16.0.30204.135
MinimumVisualStudioVersion = 10.0.40219.1
Project("{9A19103F-16F7-4668-BE54-9A1E7A4F7556}") = "DataActivityService", "DataActivityService.csproj", "{C22A8693-3A3D-483B-B820-48C265E7CD19}"
EndProject
Global
	GlobalSection(SolutionConfigurationPlatforms) = preSolution
		Debug|Any CPU = Debug|Any CPU
		Release|Any CPU = Release|Any CPU
	EndGlobalSection
	GlobalSection(ProjectConfigurationPlatforms) = postSolution
		{C22A8693-3A3D-483B-B820-48C265E7CD19}.Debug|Any CPU.ActiveCfg = Debug|Any CPU
		{C22A8693-3A3D-483B-B820-48C265E7CD19}.Debug|Any CPU.Build.0 = Debug|Any CPU
		{C22A8693-3A3D-483B-B820-48C265E7CD19}.Release|Any CPU.ActiveCfg = Release|Any CPU
		{C22A8693-3A3D-483B-B820-48C265E7CD19}.Release|Any CPU.Build.0 = Release|Any CPU
	EndGlobalSection
	GlobalSection(SolutionProperties) = preSolution
		HideSolutionNode = FALSE
	EndGlobalSection
	GlobalSection(ExtensibilityGlobals) = postSolution
		SolutionGuid = {78DCDF3A-F064-49EC-B91E-DEFAD81D9575}
	EndGlobalSection
EndGlobal
